
Microsoft Visual Studio Solution File, Format Version 12.00
# Visual Studio Version 17
VisualStudioVersion = 17.0.31903.59
MinimumVisualStudioVersion = 10.0.40219.1
Project("{2150E333-8FDC-42A3-9474-1A3956D46DE8}") = "src", "src", "{827E0CD3-B72D-47B6-A68D-7590B98EB39B}"
EndProject
Project("{FAE04EC0-301F-11D3-BF4B-00C04F79EFBC}") = "MochilaDeErros.Domain", "src\MochilaDeErros.Domain\MochilaDeErros.Domain.csproj", "{3E836553-97E5-4F32-9D87-C4D1991F74C9}"
EndProject
Project("{FAE04EC0-301F-11D3-BF4B-00C04F79EFBC}") = "MochilaDeErros.Application", "src\MochilaDeErros.Application\MochilaDeErros.Application.csproj", "{10F7F010-5461-4E4E-9C85-A3B3FCBB263A}"
EndProject
Project("{FAE04EC0-301F-11D3-BF4B-00C04F79EFBC}") = "MochilaDeErros.Infrastructure", "src\MochilaDeErros.Infrastructure\MochilaDeErros.Infrastructure.csproj", "{D71CFC3C-140F-482C-B473-E32470A7A12B}"
EndProject
Project("{FAE04EC0-301F-11D3-BF4B-00C04F79EFBC}") = "MochilaDeErros.Api", "src\MochilaDeErros.Api\MochilaDeErros.Api.csproj", "{DEF6C1B3-6BD3-4ADB-99C1-B59A96A9D67F}"
EndProject
Global
	GlobalSection(SolutionConfigurationPlatforms) = preSolution
		Debug|Any CPU = Debug|Any CPU
		Debug|x64 = Debug|x64
		Debug|x86 = Debug|x86
		Release|Any CPU = Release|Any CPU
		Release|x64 = Release|x64
		Release|x86 = Release|x86
	EndGlobalSection
	GlobalSection(ProjectConfigurationPlatforms) = postSolution
		{3E836553-97E5-4F32-9D87-C4D1991F74C9}.Debug|Any CPU.ActiveCfg = Debug|Any CPU
		{3E836553-97E5-4F32-9D87-C4D1991F74C9}.Debug|Any CPU.Build.0 = Debug|Any CPU
		{3E836553-97E5-4F32-9D87-C4D1991F74C9}.Debug|x64.ActiveCfg = Debug|Any CPU
		{3E836553-97E5-4F32-9D87-C4D1991F74C9}.Debug|x64.Build.0 = Debug|Any CPU
		{3E836553-97E5-4F32-9D87-C4D1991F74C9}.Debug|x86.ActiveCfg = Debug|Any CPU
		{3E836553-97E5-4F32-9D87-C4D1991F74C9}.Debug|x86.Build.0 = Debug|Any CPU
		{3E836553-97E5-4F32-9D87-C4D1991F74C9}.Release|Any CPU.ActiveCfg = Release|Any CPU
		{3E836553-97E5-4F32-9D87-C4D1991F74C9}.Release|Any CPU.Build.0 = Release|Any CPU
		{3E836553-97E5-4F32-9D87-C4D1991F74C9}.Release|x64.ActiveCfg = Release|Any CPU
		{3E836553-97E5-4F32-9D87-C4D1991F74C9}.Release|x64.Build.0 = Release|Any CPU
		{3E836553-97E5-4F32-9D87-C4D1991F74C9}.Release|x86.ActiveCfg = Release|Any CPU
		{3E836553-97E5-4F32-9D87-C4D1991F74C9}.Release|x86.Build.0 = Release|Any CPU
		{10F7F010-5461-4E4E-9C85-A3B3FCBB263A}.Debug|Any CPU.ActiveCfg = Debug|Any CPU
		{10F7F010-5461-4E4E-9C85-A3B3FCBB263A}.Debug|Any CPU.Build.0 = Debug|Any CPU
		{10F7F010-5461-4E4E-9C85-A3B3FCBB263A}.Debug|x64.ActiveCfg = Debug|Any CPU
		{10F7F010-5461-4E4E-9C85-A3B3FCBB263A}.Debug|x64.Build.0 = Debug|Any CPU
		{10F7F010-5461-4E4E-9C85-A3B3FCBB263A}.Debug|x86.ActiveCfg = Debug|Any CPU
		{10F7F010-5461-4E4E-9C85-A3B3FCBB263A}.Debug|x86.Build.0 = Debug|Any CPU
		{10F7F010-5461-4E4E-9C85-A3B3FCBB263A}.Release|Any CPU.ActiveCfg = Release|Any CPU
		{10F7F010-5461-4E4E-9C85-A3B3FCBB263A}.Release|Any CPU.Build.0 = Release|Any CPU
		{10F7F010-5461-4E4E-9C85-A3B3FCBB263A}.Release|x64.ActiveCfg = Release|Any CPU
		{10F7F010-5461-4E4E-9C85-A3B3FCBB263A}.Release|x64.Build.0 = Release|Any CPU
		{10F7F010-5461-4E4E-9C85-A3B3FCBB263A}.Release|x86.ActiveCfg = Release|Any CPU
		{10F7F010-5461-4E4E-9C85-A3B3FCBB263A}.Release|x86.Build.0 = Release|Any CPU
		{D71CFC3C-140F-482C-B473-E32470A7A12B}.Debug|Any CPU.ActiveCfg = Debug|Any CPU
		{D71CFC3C-140F-482C-B473-E32470A7A12B}.Debug|Any CPU.Build.0 = Debug|Any CPU
		{D71CFC3C-140F-482C-B473-E32470A7A12B}.Debug|x64.ActiveCfg = Debug|Any CPU
		{D71CFC3C-140F-482C-B473-E32470A7A12B}.Debug|x64.Build.0 = Debug|Any CPU
		{D71CFC3C-140F-482C-B473-E32470A7A12B}.Debug|x86.ActiveCfg = Debug|Any CPU
		{D71CFC3C-140F-482C-B473-E32470A7A12B}.Debug|x86.Build.0 = Debug|Any CPU
		{D71CFC3C-140F-482C-B473-E32470A7A12B}.Release|Any CPU.ActiveCfg = Release|Any CPU
		{D71CFC3C-140F-482C-B473-E32470A7A12B}.Release|Any CPU.Build.0 = Release|Any CPU
		{D71CFC3C-140F-482C-B473-E32470A7A12B}.Release|x64.ActiveCfg = Release|Any CPU
		{D71CFC3C-140F-482C-B473-E32470A7A12B}.Release|x64.Build.0 = Release|Any CPU
		{D71CFC3C-140F-482C-B473-E32470A7A12B}.Release|x86.ActiveCfg = Release|Any CPU
		{D71CFC3C-140F-482C-B473-E32470A7A12B}.Release|x86.Build.0 = Release|Any CPU
		{DEF6C1B3-6BD3-4ADB-99C1-B59A96A9D67F}.Debug|Any CPU.ActiveCfg = Debug|Any CPU
		{DEF6C1B3-6BD3-4ADB-99C1-B59A96A9D67F}.Debug|Any CPU.Build.0 = Debug|Any CPU
		{DEF6C1B3-6BD3-4ADB-99C1-B59A96A9D67F}.Debug|x64.ActiveCfg = Debug|Any CPU
		{DEF6C1B3-6BD3-4ADB-99C1-B59A96A9D67F}.Debug|x64.Build.0 = Debug|Any CPU
		{DEF6C1B3-6BD3-4ADB-99C1-B59A96A9D67F}.Debug|x86.ActiveCfg = Debug|Any CPU
		{DEF6C1B3-6BD3-4ADB-99C1-B59A96A9D67F}.Debug|x86.Build.0 = Debug|Any CPU
		{DEF6C1B3-6BD3-4ADB-99C1-B59A96A9D67F}.Release|Any CPU.ActiveCfg = Release|Any CPU
		{DEF6C1B3-6BD3-4ADB-99C1-B59A96A9D67F}.Release|Any CPU.Build.0 = Release|Any CPU
		{DEF6C1B3-6BD3-4ADB-99C1-B59A96A9D67F}.Release|x64.ActiveCfg = Release|Any CPU
		{DEF6C1B3-6BD3-4ADB-99C1-B59A96A9D67F}.Release|x64.Build.0 = Release|Any CPU
		{DEF6C1B3-6BD3-4ADB-99C1-B59A96A9D67F}.Release|x86.ActiveCfg = Release|Any CPU
		{DEF6C1B3-6BD3-4ADB-99C1-B59A96A9D67F}.Release|x86.Build.0 = Release|Any CPU
	EndGlobalSection
	GlobalSection(SolutionProperties) = preSolution
		HideSolutionNode = FALSE
	EndGlobalSection
	GlobalSection(NestedProjects) = preSolution
		{3E836553-97E5-4F32-9D87-C4D1991F74C9} = {827E0CD3-B72D-47B6-A68D-7590B98EB39B}
		{10F7F010-5461-4E4E-9C85-A3B3FCBB263A} = {827E0CD3-B72D-47B6-A68D-7590B98EB39B}
		{D71CFC3C-140F-482C-B473-E32470A7A12B} = {827E0CD3-B72D-47B6-A68D-7590B98EB39B}
		{DEF6C1B3-6BD3-4ADB-99C1-B59A96A9D67F} = {827E0CD3-B72D-47B6-A68D-7590B98EB39B}
	EndGlobalSection
EndGlobal
